{
  "version": 4,
  "terraform_version": "1.3.4",
  "serial": 5,
  "lineage": "b7f2fd37-4669-8ce3-0b3f-1954af243ddc",
  "outputs": {},
  "resources": [
    {
      "mode": "managed",
      "type": "aws_iam_user",
      "name": "folarin",
      "provider": "provider[\"registry.terraform.io/hashicorp/aws\"]",
      "instances": [
        {
          "schema_version": 0,
          "attributes": {
            "arn": "arn:aws:iam::490601649177:user/folaR",
            "force_destroy": false,
            "id": "folaR",
            "name": "folaR",
            "path": "/",
            "permissions_boundary": null,
            "tags": {
              "description": "Technical Team Leader and migration craftsman"
            },
            "tags_all": {
              "description": "Technical Team Leader and migration craftsman"
            },
            "unique_id": "AIDAXEORDCQMU6IK7K3YH"
          },
          "sensitive_attributes": [],
          "private": "bnVsbA=="
        }
      ]
    },
    {
      "mode": "managed",
      "type": "aws_iam_user_policy_attachment",
      "name": "folaR_admin_access",
      "provider": "provider[\"registry.terraform.io/hashicorp/aws\"]",
      "instances": []
    }
  ],
  "check_results": null
}
